
Microsoft Visual Studio Solution File, Format Version 12.00
# Visual Studio Version 17
VisualStudioVersion = 17.7.34018.315
MinimumVisualStudioVersion = 10.0.40219.1
Project("{9A19103F-16F7-4668-BE54-9A1E7A4F7556}") = "DirectoryTest", "DirectoryTest.csproj", "{EA532E83-8C40-41AB-A895-506DC2A73476}"
EndProject
Project("{FAE04EC0-301F-11D3-BF4B-00C04F79EFBC}") = "Tests", "Tests\Tests.csproj", "{FDA6A8D0-7B39-4081-B1D3-86BA0022F776}"
EndProject
Global
	GlobalSection(SolutionConfigurationPlatforms) = preSolution
		Debug|Any CPU = Debug|Any CPU
		Release|Any CPU = Release|Any CPU
	EndGlobalSection
	GlobalSection(ProjectConfigurationPlatforms) = postSolution
		{EA532E83-8C40-41AB-A895-506DC2A73476}.Debug|Any CPU.ActiveCfg = Debug|Any CPU
		{EA532E83-8C40-41AB-A895-506DC2A73476}.Debug|Any CPU.Build.0 = Debug|Any CPU
		{EA532E83-8C40-41AB-A895-506DC2A73476}.Release|Any CPU.ActiveCfg = Release|Any CPU
		{EA532E83-8C40-41AB-A895-506DC2A73476}.Release|Any CPU.Build.0 = Release|Any CPU
		{FDA6A8D0-7B39-4081-B1D3-86BA0022F776}.Debug|Any CPU.ActiveCfg = Debug|Any CPU
		{FDA6A8D0-7B39-4081-B1D3-86BA0022F776}.Debug|Any CPU.Build.0 = Debug|Any CPU
		{FDA6A8D0-7B39-4081-B1D3-86BA0022F776}.Release|Any CPU.ActiveCfg = Release|Any CPU
		{FDA6A8D0-7B39-4081-B1D3-86BA0022F776}.Release|Any CPU.Build.0 = Release|Any CPU
	EndGlobalSection
	GlobalSection(SolutionProperties) = preSolution
		HideSolutionNode = FALSE
	EndGlobalSection
	GlobalSection(ExtensibilityGlobals) = postSolution
		SolutionGuid = {70BA56C8-34CC-4121-B409-1E93D6A6E4C7}
	EndGlobalSection
EndGlobal
